{
    "name": "@yama-devkit/prettier-config",
    "version": "1.0.0",
    "lockfileVersion": 3,
    "requires": true,
    "packages": {
        "": {
            "name": "@yama-devkit/prettier-config",
            "version": "1.0.0",
            "dependencies": {
                "prettier-plugin-css-order": "^2.1.2",
                "prettier-plugin-organize-attributes": "^1.0.0",
                "prettier-plugin-organize-imports": "^4.2.0"
            },
            "devDependencies": {
                "@rollup/plugin-typescript": "^12.1.4",
                "rollup": "^4.48.0",
                "tslib": "^2.8.1"
            },
            "peerDependencies": {
                "prettier": "^3.4.2",
                "typescript": "^5.7.3"
            }
        },
        "node_modules/@rollup/plugin-typescript": {
            "version": "12.1.4",
            "resolved": "https://registry.npmjs.org/@rollup/plugin-typescript/-/plugin-typescript-12.1.4.tgz",
            "integrity": "sha512-s5Hx+EtN60LMlDBvl5f04bEiFZmAepk27Q+mr85L/00zPDn1jtzlTV6FWn81MaIwqfWzKxmOJrBWHU6vtQyedQ==",
            "dev": true,
            "license": "MIT",
            "dependencies": {
                "@rollup/pluginutils": "^5.1.0",
                "resolve": "^1.22.1"
            },
            "engines": {
                "node": ">=14.0.0"
            },
            "peerDependencies": {
                "rollup": "^2.14.0||^3.0.0||^4.0.0",
                "tslib": "*",
                "typescript": ">=3.7.0"
            },
            "peerDependenciesMeta": {
                "rollup": {
                    "optional": true
                },
                "tslib": {
                    "optional": true
                }
            }
        },
        "node_modules/@rollup/pluginutils": {
            "version": "5.2.0",
            "resolved": "https://registry.npmjs.org/@rollup/pluginutils/-/pluginutils-5.2.0.tgz",
            "integrity": "sha512-qWJ2ZTbmumwiLFomfzTyt5Kng4hwPi9rwCYN4SHb6eaRU1KNO4ccxINHr/VhH4GgPlt1XfSTLX2LBTme8ne4Zw==",
            "dev": true,
            "license": "MIT",
            "dependencies": {
                "@types/estree": "^1.0.0",
                "estree-walker": "^2.0.2",
                "picomatch": "^4.0.2"
            },
            "engines": {
                "node": ">=14.0.0"
            },
            "peerDependencies": {
                "rollup": "^1.20.0||^2.0.0||^3.0.0||^4.0.0"
            },
            "peerDependenciesMeta": {
                "rollup": {
                    "optional": true
                }
            }
        },
        "node_modules/@rollup/rollup-android-arm-eabi": {
            "version": "4.48.0",
            "resolved": "https://registry.npmjs.org/@rollup/rollup-android-arm-eabi/-/rollup-android-arm-eabi-4.48.0.tgz",
            "integrity": "sha512-aVzKH922ogVAWkKiyKXorjYymz2084zrhrZRXtLrA5eEx5SO8Dj0c/4FpCHZyn7MKzhW2pW4tK28vVr+5oQ2xw==",
            "cpu": [
                "arm"
            ],
            "dev": true,
            "license": "MIT",
            "optional": true,
            "os": [
                "android"
            ]
        },
        "node_modules/@rollup/rollup-android-arm64": {
            "version": "4.48.0",
            "resolved": "https://registry.npmjs.org/@rollup/rollup-android-arm64/-/rollup-android-arm64-4.48.0.tgz",
            "integrity": "sha512-diOdQuw43xTa1RddAFbhIA8toirSzFMcnIg8kvlzRbK26xqEnKJ/vqQnghTAajy2Dcy42v+GMPMo6jq67od+Dw==",
            "cpu": [
                "arm64"
            ],
            "dev": true,
            "license": "MIT",
            "optional": true,
            "os": [
                "android"
            ]
        },
        "node_modules/@rollup/rollup-darwin-arm64": {
            "version": "4.48.0",
            "resolved": "https://registry.npmjs.org/@rollup/rollup-darwin-arm64/-/rollup-darwin-arm64-4.48.0.tgz",
            "integrity": "sha512-QhR2KA18fPlJWFefySJPDYZELaVqIUVnYgAOdtJ+B/uH96CFg2l1TQpX19XpUMWUqMyIiyY45wje8K6F4w4/CA==",
            "cpu": [
                "arm64"
            ],
            "dev": true,
            "license": "MIT",
            "optional": true,
            "os": [
                "darwin"
            ]
        },
        "node_modules/@rollup/rollup-darwin-x64": {
            "version": "4.48.0",
            "resolved": "https://registry.npmjs.org/@rollup/rollup-darwin-x64/-/rollup-darwin-x64-4.48.0.tgz",
            "integrity": "sha512-Q9RMXnQVJ5S1SYpNSTwXDpoQLgJ/fbInWOyjbCnnqTElEyeNvLAB3QvG5xmMQMhFN74bB5ZZJYkKaFPcOG8sGg==",
            "cpu": [
                "x64"
            ],
            "dev": true,
            "license": "MIT",
            "optional": true,
            "os": [
                "darwin"
            ]
        },
        "node_modules/@rollup/rollup-freebsd-arm64": {
            "version": "4.48.0",
            "resolved": "https://registry.npmjs.org/@rollup/rollup-freebsd-arm64/-/rollup-freebsd-arm64-4.48.0.tgz",
            "integrity": "sha512-3jzOhHWM8O8PSfyft+ghXZfBkZawQA0PUGtadKYxFqpcYlOYjTi06WsnYBsbMHLawr+4uWirLlbhcYLHDXR16w==",
            "cpu": [
                "arm64"
            ],
            "dev": true,
            "license": "MIT",
            "optional": true,
            "os": [
                "freebsd"
            ]
        },
        "node_modules/@rollup/rollup-freebsd-x64": {
            "version": "4.48.0",
            "resolved": "https://registry.npmjs.org/@rollup/rollup-freebsd-x64/-/rollup-freebsd-x64-4.48.0.tgz",
            "integrity": "sha512-NcD5uVUmE73C/TPJqf78hInZmiSBsDpz3iD5MF/BuB+qzm4ooF2S1HfeTChj5K4AV3y19FFPgxonsxiEpy8v/A==",
            "cpu": [
                "x64"
            ],
            "dev": true,
            "license": "MIT",
            "optional": true,
            "os": [
                "freebsd"
            ]
        },
        "node_modules/@rollup/rollup-linux-arm-gnueabihf": {
            "version": "4.48.0",
            "resolved": "https://registry.npmjs.org/@rollup/rollup-linux-arm-gnueabihf/-/rollup-linux-arm-gnueabihf-4.48.0.tgz",
            "integrity": "sha512-JWnrj8qZgLWRNHr7NbpdnrQ8kcg09EBBq8jVOjmtlB3c8C6IrynAJSMhMVGME4YfTJzIkJqvSUSVJRqkDnu/aA==",
            "cpu": [
                "arm"
            ],
            "dev": true,
            "license": "MIT",
            "optional": true,
            "os": [
                "linux"
            ]
        },
        "node_modules/@rollup/rollup-linux-arm-musleabihf": {
            "version": "4.48.0",
            "resolved": "https://registry.npmjs.org/@rollup/rollup-linux-arm-musleabihf/-/rollup-linux-arm-musleabihf-4.48.0.tgz",
            "integrity": "sha512-9xu92F0TxuMH0tD6tG3+GtngwdgSf8Bnz+YcsPG91/r5Vgh5LNofO48jV55priA95p3c92FLmPM7CvsVlnSbGQ==",
            "cpu": [
                "arm"
            ],
            "dev": true,
            "license": "MIT",
            "optional": true,
            "os": [
                "linux"
            ]
        },
        "node_modules/@rollup/rollup-linux-arm64-gnu": {
            "version": "4.48.0",
            "resolved": "https://registry.npmjs.org/@rollup/rollup-linux-arm64-gnu/-/rollup-linux-arm64-gnu-4.48.0.tgz",
            "integrity": "sha512-NLtvJB5YpWn7jlp1rJiY0s+G1Z1IVmkDuiywiqUhh96MIraC0n7XQc2SZ1CZz14shqkM+XN2UrfIo7JB6UufOA==",
            "cpu": [
                "arm64"
            ],
            "dev": true,
            "license": "MIT",
            "optional": true,
            "os": [
                "linux"
            ]
        },
        "node_modules/@rollup/rollup-linux-arm64-musl": {
            "version": "4.48.0",
            "resolved": "https://registry.npmjs.org/@rollup/rollup-linux-arm64-musl/-/rollup-linux-arm64-musl-4.48.0.tgz",
            "integrity": "sha512-QJ4hCOnz2SXgCh+HmpvZkM+0NSGcZACyYS8DGbWn2PbmA0e5xUk4bIP8eqJyNXLtyB4gZ3/XyvKtQ1IFH671vQ==",
            "cpu": [
                "arm64"
            ],
            "dev": true,
            "license": "MIT",
            "optional": true,
            "os": [
                "linux"
            ]
        },
        "node_modules/@rollup/rollup-linux-loongarch64-gnu": {
            "version": "4.48.0",
            "resolved": "https://registry.npmjs.org/@rollup/rollup-linux-loongarch64-gnu/-/rollup-linux-loongarch64-gnu-4.48.0.tgz",
            "integrity": "sha512-Pk0qlGJnhILdIC5zSKQnprFjrGmjfDM7TPZ0FKJxRkoo+kgMRAg4ps1VlTZf8u2vohSicLg7NP+cA5qE96PaFg==",
            "cpu": [
                "loong64"
            ],
            "dev": true,
            "license": "MIT",
            "optional": true,
            "os": [
                "linux"
            ]
        },
        "node_modules/@rollup/rollup-linux-ppc64-gnu": {
            "version": "4.48.0",
            "resolved": "https://registry.npmjs.org/@rollup/rollup-linux-ppc64-gnu/-/rollup-linux-ppc64-gnu-4.48.0.tgz",
            "integrity": "sha512-/dNFc6rTpoOzgp5GKoYjT6uLo8okR/Chi2ECOmCZiS4oqh3mc95pThWma7Bgyk6/WTEvjDINpiBCuecPLOgBLQ==",
            "cpu": [
                "ppc64"
            ],
            "dev": true,
            "license": "MIT",
            "optional": true,
            "os": [
                "linux"
            ]
        },
        "node_modules/@rollup/rollup-linux-riscv64-gnu": {
            "version": "4.48.0",
            "resolved": "https://registry.npmjs.org/@rollup/rollup-linux-riscv64-gnu/-/rollup-linux-riscv64-gnu-4.48.0.tgz",
            "integrity": "sha512-YBwXsvsFI8CVA4ej+bJF2d9uAeIiSkqKSPQNn0Wyh4eMDY4wxuSp71BauPjQNCKK2tD2/ksJ7uhJ8X/PVY9bHQ==",
            "cpu": [
                "riscv64"
            ],
            "dev": true,
            "license": "MIT",
            "optional": true,
            "os": [
                "linux"
            ]
        },
        "node_modules/@rollup/rollup-linux-riscv64-musl": {
            "version": "4.48.0",
            "resolved": "https://registry.npmjs.org/@rollup/rollup-linux-riscv64-musl/-/rollup-linux-riscv64-musl-4.48.0.tgz",
            "integrity": "sha512-FI3Rr2aGAtl1aHzbkBIamsQyuauYtTF9SDUJ8n2wMXuuxwchC3QkumZa1TEXYIv/1AUp1a25Kwy6ONArvnyeVQ==",
            "cpu": [
                "riscv64"
            ],
            "dev": true,
            "license": "MIT",
            "optional": true,
            "os": [
                "linux"
            ]
        },
        "node_modules/@rollup/rollup-linux-s390x-gnu": {
            "version": "4.48.0",
            "resolved": "https://registry.npmjs.org/@rollup/rollup-linux-s390x-gnu/-/rollup-linux-s390x-gnu-4.48.0.tgz",
            "integrity": "sha512-Dx7qH0/rvNNFmCcIRe1pyQ9/H0XO4v/f0SDoafwRYwc2J7bJZ5N4CHL/cdjamISZ5Cgnon6iazAVRFlxSoHQnQ==",
            "cpu": [
                "s390x"
            ],
            "dev": true,
            "license": "MIT",
            "optional": true,
            "os": [
                "linux"
            ]
        },
        "node_modules/@rollup/rollup-linux-x64-gnu": {
            "version": "4.48.0",
            "resolved": "https://registry.npmjs.org/@rollup/rollup-linux-x64-gnu/-/rollup-linux-x64-gnu-4.48.0.tgz",
            "integrity": "sha512-GUdZKTeKBq9WmEBzvFYuC88yk26vT66lQV8D5+9TgkfbewhLaTHRNATyzpQwwbHIfJvDJ3N9WJ90wK/uR3cy3Q==",
            "cpu": [
                "x64"
            ],
            "dev": true,
            "license": "MIT",
            "optional": true,
            "os": [
                "linux"
            ]
        },
        "node_modules/@rollup/rollup-linux-x64-musl": {
            "version": "4.48.0",
            "resolved": "https://registry.npmjs.org/@rollup/rollup-linux-x64-musl/-/rollup-linux-x64-musl-4.48.0.tgz",
            "integrity": "sha512-ao58Adz/v14MWpQgYAb4a4h3fdw73DrDGtaiF7Opds5wNyEQwtO6M9dBh89nke0yoZzzaegq6J/EXs7eBebG8A==",
            "cpu": [
                "x64"
            ],
            "dev": true,
            "license": "MIT",
            "optional": true,
            "os": [
                "linux"
            ]
        },
        "node_modules/@rollup/rollup-win32-arm64-msvc": {
            "version": "4.48.0",
            "resolved": "https://registry.npmjs.org/@rollup/rollup-win32-arm64-msvc/-/rollup-win32-arm64-msvc-4.48.0.tgz",
            "integrity": "sha512-kpFno46bHtjZVdRIOxqaGeiABiToo2J+st7Yce+aiAoo1H0xPi2keyQIP04n2JjDVuxBN6bSz9R6RdTK5hIppw==",
            "cpu": [
                "arm64"
            ],
            "dev": true,
            "license": "MIT",
            "optional": true,
            "os": [
                "win32"
            ]
        },
        "node_modules/@rollup/rollup-win32-ia32-msvc": {
            "version": "4.48.0",
            "resolved": "https://registry.npmjs.org/@rollup/rollup-win32-ia32-msvc/-/rollup-win32-ia32-msvc-4.48.0.tgz",
            "integrity": "sha512-rFYrk4lLk9YUTIeihnQMiwMr6gDhGGSbWThPEDfBoU/HdAtOzPXeexKi7yU8jO+LWRKnmqPN9NviHQf6GDwBcQ==",
            "cpu": [
                "ia32"
            ],
            "dev": true,
            "license": "MIT",
            "optional": true,
            "os": [
                "win32"
            ]
        },
        "node_modules/@rollup/rollup-win32-x64-msvc": {
            "version": "4.48.0",
            "resolved": "https://registry.npmjs.org/@rollup/rollup-win32-x64-msvc/-/rollup-win32-x64-msvc-4.48.0.tgz",
            "integrity": "sha512-sq0hHLTgdtwOPDB5SJOuaoHyiP1qSwg+71TQWk8iDS04bW1wIE0oQ6otPiRj2ZvLYNASLMaTp8QRGUVZ+5OL5A==",
            "cpu": [
                "x64"
            ],
            "dev": true,
            "license": "MIT",
            "optional": true,
            "os": [
                "win32"
            ]
        },
        "node_modules/@types/estree": {
            "version": "1.0.8",
            "resolved": "https://registry.npmjs.org/@types/estree/-/estree-1.0.8.tgz",
            "integrity": "sha512-dWHzHa2WqEXI/O1E9OjrocMTKJl2mSrEolh1Iomrv6U+JuNwaHXsXx9bLu5gG7BUWFIN0skIQJQ/L1rIex4X6w==",
            "dev": true,
            "license": "MIT"
        },
        "node_modules/css-declaration-sorter": {
            "version": "7.2.0",
            "resolved": "https://registry.npmjs.org/css-declaration-sorter/-/css-declaration-sorter-7.2.0.tgz",
            "integrity": "sha512-h70rUM+3PNFuaBDTLe8wF/cdWu+dOZmb7pJt8Z2sedYbAcQVQV/tEchueg3GWxwqS0cxtbxmaHEdkNACqcvsow==",
            "license": "ISC",
            "engines": {
                "node": "^14 || ^16 || >=18"
            },
            "peerDependencies": {
                "postcss": "^8.0.9"
            }
        },
        "node_modules/estree-walker": {
            "version": "2.0.2",
            "resolved": "https://registry.npmjs.org/estree-walker/-/estree-walker-2.0.2.tgz",
            "integrity": "sha512-Rfkk/Mp/DL7JVje3u18FxFujQlTNR2q6QfMSMB7AvCBx91NGj/ba3kCfza0f6dVDbw7YlRf/nDrn7pQrCCyQ/w==",
            "dev": true,
            "license": "MIT"
        },
        "node_modules/fsevents": {
            "version": "2.3.3",
            "resolved": "https://registry.npmjs.org/fsevents/-/fsevents-2.3.3.tgz",
            "integrity": "sha512-5xoDfX+fL7faATnagmWPpbFtwh/R77WmMMqqHGS65C3vvB0YHrgF+B1YmZ3441tMj5n63k0212XNoJwzlhffQw==",
            "dev": true,
            "hasInstallScript": true,
            "license": "MIT",
            "optional": true,
            "os": [
                "darwin"
            ],
            "engines": {
                "node": "^8.16.0 || ^10.6.0 || >=11.0.0"
            }
        },
        "node_modules/function-bind": {
            "version": "1.1.2",
            "resolved": "https://registry.npmjs.org/function-bind/-/function-bind-1.1.2.tgz",
            "integrity": "sha512-7XHNxH7qX9xG5mIwxkhumTox/MIRNcOgDrxWsMt2pAr23WHp6MrRlN7FBSFpCpr+oVO0F744iUgR82nJMfG2SA==",
            "dev": true,
            "license": "MIT",
            "funding": {
                "url": "https://github.com/sponsors/ljharb"
            }
        },
        "node_modules/hasown": {
            "version": "2.0.2",
            "resolved": "https://registry.npmjs.org/hasown/-/hasown-2.0.2.tgz",
            "integrity": "sha512-0hJU9SCPvmMzIBdZFqNPXWa6dqh7WdH0cII9y+CyS8rG3nL48Bclra9HmKhVVUHyPWNH5Y7xDwAB7bfgSjkUMQ==",
            "dev": true,
            "license": "MIT",
            "dependencies": {
                "function-bind": "^1.1.2"
            },
            "engines": {
                "node": ">= 0.4"
            }
        },
        "node_modules/is-core-module": {
            "version": "2.16.1",
            "resolved": "https://registry.npmjs.org/is-core-module/-/is-core-module-2.16.1.tgz",
            "integrity": "sha512-UfoeMA6fIJ8wTYFEUjelnaGI67v6+N7qXJEvQuIGa99l4xsCruSYOVSQ0uPANn4dAzm8lkYPaKLrrijLq7x23w==",
            "dev": true,
            "license": "MIT",
            "dependencies": {
                "hasown": "^2.0.2"
            },
            "engines": {
                "node": ">= 0.4"
            },
            "funding": {
                "url": "https://github.com/sponsors/ljharb"
            }
        },
        "node_modules/nanoid": {
            "version": "3.3.11",
            "resolved": "https://registry.npmjs.org/nanoid/-/nanoid-3.3.11.tgz",
            "integrity": "sha512-N8SpfPUnUp1bK+PMYW8qSWdl9U+wwNWI4QKxOYDy9JAro3WMX7p2OeVRF9v+347pnakNevPmiHhNmZ2HbFA76w==",
            "funding": [
                {
                    "type": "github",
                    "url": "https://github.com/sponsors/ai"
                }
            ],
            "license": "MIT",
            "peer": true,
            "bin": {
                "nanoid": "bin/nanoid.cjs"
            },
            "engines": {
                "node": "^10 || ^12 || ^13.7 || ^14 || >=15.0.1"
            }
        },
        "node_modules/path-parse": {
            "version": "1.0.7",
            "resolved": "https://registry.npmjs.org/path-parse/-/path-parse-1.0.7.tgz",
            "integrity": "sha512-LDJzPVEEEPR+y48z93A0Ed0yXb8pAByGWo/k5YYdYgpY2/2EsOsksJrq7lOHxryrVOn1ejG6oAp8ahvOIQD8sw==",
            "dev": true,
            "license": "MIT"
        },
        "node_modules/picocolors": {
            "version": "1.1.1",
            "resolved": "https://registry.npmjs.org/picocolors/-/picocolors-1.1.1.tgz",
            "integrity": "sha512-xceH2snhtb5M9liqDsmEw56le376mTZkEX/jEb/RxNFyegNul7eNslCXP9FDj/Lcu0X8KEyMceP2ntpaHrDEVA==",
            "license": "ISC",
            "peer": true
        },
        "node_modules/picomatch": {
            "version": "4.0.3",
            "resolved": "https://registry.npmjs.org/picomatch/-/picomatch-4.0.3.tgz",
            "integrity": "sha512-5gTmgEY/sqK6gFXLIsQNH19lWb4ebPDLA4SdLP7dsWkIXHWlG66oPuVvXSGFPppYZz8ZDZq0dYYrbHfBCVUb1Q==",
            "dev": true,
            "license": "MIT",
            "engines": {
                "node": ">=12"
            },
            "funding": {
                "url": "https://github.com/sponsors/jonschlinkert"
            }
        },
        "node_modules/postcss": {
            "version": "8.5.6",
            "resolved": "https://registry.npmjs.org/postcss/-/postcss-8.5.6.tgz",
            "integrity": "sha512-3Ybi1tAuwAP9s0r1UQ2J4n5Y0G05bJkpUIO0/bI9MhwmD70S5aTWbXGBwxHrelT+XM1k6dM0pk+SwNkpTRN7Pg==",
            "funding": [
                {
                    "type": "opencollective",
                    "url": "https://opencollective.com/postcss/"
                },
                {
                    "type": "tidelift",
                    "url": "https://tidelift.com/funding/github/npm/postcss"
                },
                {
                    "type": "github",
                    "url": "https://github.com/sponsors/ai"
                }
            ],
            "license": "MIT",
            "peer": true,
            "dependencies": {
                "nanoid": "^3.3.11",
                "picocolors": "^1.1.1",
                "source-map-js": "^1.2.1"
            },
            "engines": {
                "node": "^10 || ^12 || >=14"
            }
        },
        "node_modules/postcss-less": {
            "version": "6.0.0",
            "resolved": "https://registry.npmjs.org/postcss-less/-/postcss-less-6.0.0.tgz",
            "integrity": "sha512-FPX16mQLyEjLzEuuJtxA8X3ejDLNGGEG503d2YGZR5Ask1SpDN8KmZUMpzCvyalWRywAn1n1VOA5dcqfCLo5rg==",
            "license": "MIT",
            "engines": {
                "node": ">=12"
            },
            "peerDependencies": {
                "postcss": "^8.3.5"
            }
        },
        "node_modules/postcss-scss": {
            "version": "4.0.9",
            "resolved": "https://registry.npmjs.org/postcss-scss/-/postcss-scss-4.0.9.tgz",
            "integrity": "sha512-AjKOeiwAitL/MXxQW2DliT28EKukvvbEWx3LBmJIRN8KfBGZbRTxNYW0kSqi1COiTZ57nZ9NW06S6ux//N1c9A==",
            "funding": [
                {
                    "type": "opencollective",
                    "url": "https://opencollective.com/postcss/"
                },
                {
                    "type": "tidelift",
                    "url": "https://tidelift.com/funding/github/npm/postcss-scss"
                },
                {
                    "type": "github",
                    "url": "https://github.com/sponsors/ai"
                }
            ],
            "license": "MIT",
            "engines": {
                "node": ">=12.0"
            },
            "peerDependencies": {
                "postcss": "^8.4.29"
            }
        },
        "node_modules/prettier": {
            "version": "3.6.2",
            "resolved": "https://registry.npmjs.org/prettier/-/prettier-3.6.2.tgz",
            "integrity": "sha512-I7AIg5boAr5R0FFtJ6rCfD+LFsWHp81dolrFD8S79U9tb8Az2nGrJncnMSnys+bpQJfRUzqs9hnA81OAA3hCuQ==",
            "license": "MIT",
            "peer": true,
            "bin": {
                "prettier": "bin/prettier.cjs"
            },
            "engines": {
                "node": ">=14"
            },
            "funding": {
                "url": "https://github.com/prettier/prettier?sponsor=1"
            }
        },
        "node_modules/prettier-plugin-css-order": {
            "version": "2.1.2",
            "resolved": "https://registry.npmjs.org/prettier-plugin-css-order/-/prettier-plugin-css-order-2.1.2.tgz",
            "integrity": "sha512-vomxPjHI6pOMYcBuouSJHxxQClJXaUpU9rsV9IAO2wrSTZILRRlrxAAR8t9UF6wtczLkLfNRFUwM+ZbGXOONUA==",
            "license": "ISC",
            "dependencies": {
                "css-declaration-sorter": "^7.1.1",
                "postcss-less": "^6.0.0",
                "postcss-scss": "^4.0.9"
            },
            "engines": {
                "node": ">=16"
            },
            "peerDependencies": {
                "prettier": "3.x"
            }
        },
        "node_modules/prettier-plugin-organize-attributes": {
            "version": "1.0.0",
            "resolved": "https://registry.npmjs.org/prettier-plugin-organize-attributes/-/prettier-plugin-organize-attributes-1.0.0.tgz",
            "integrity": "sha512-+NmameaLxbCcylEXsKPmawtzla5EE6ECqvGkpfQz4KM847fXDifB1gFnPQEpoADAq6IXg+cMI8Z0ISJEXa6fhg==",
            "license": "MIT",
            "engines": {
                "node": ">=14.0.0"
            },
            "peerDependencies": {
                "prettier": "^3.0.0"
            }
        },
        "node_modules/prettier-plugin-organize-imports": {
            "version": "4.2.0",
            "resolved": "https://registry.npmjs.org/prettier-plugin-organize-imports/-/prettier-plugin-organize-imports-4.2.0.tgz",
            "integrity": "sha512-Zdy27UhlmyvATZi67BTnLcKTo8fm6Oik59Sz6H64PgZJVs6NJpPD1mT240mmJn62c98/QaL+r3kx9Q3gRpDajg==",
            "license": "MIT",
            "peerDependencies": {
                "prettier": ">=2.0",
                "typescript": ">=2.9",
                "vue-tsc": "^2.1.0 || 3"
            },
            "peerDependenciesMeta": {
                "vue-tsc": {
                    "optional": true
                }
            }
        },
        "node_modules/resolve": {
            "version": "1.22.10",
            "resolved": "https://registry.npmjs.org/resolve/-/resolve-1.22.10.tgz",
            "integrity": "sha512-NPRy+/ncIMeDlTAsuqwKIiferiawhefFJtkNSW0qZJEqMEb+qBt/77B/jGeeek+F0uOeN05CDa6HXbbIgtVX4w==",
            "dev": true,
            "license": "MIT",
            "dependencies": {
                "is-core-module": "^2.16.0",
                "path-parse": "^1.0.7",
                "supports-preserve-symlinks-flag": "^1.0.0"
            },
            "bin": {
                "resolve": "bin/resolve"
            },
            "engines": {
                "node": ">= 0.4"
            },
            "funding": {
                "url": "https://github.com/sponsors/ljharb"
            }
        },
        "node_modules/rollup": {
            "version": "4.48.0",
            "resolved": "https://registry.npmjs.org/rollup/-/rollup-4.48.0.tgz",
            "integrity": "sha512-BXHRqK1vyt9XVSEHZ9y7xdYtuYbwVod2mLwOMFP7t/Eqoc1pHRlG/WdV2qNeNvZHRQdLedaFycljaYYM96RqJQ==",
            "dev": true,
            "license": "MIT",
            "dependencies": {
                "@types/estree": "1.0.8"
            },
            "bin": {
                "rollup": "dist/bin/rollup"
            },
            "engines": {
                "node": ">=18.0.0",
                "npm": ">=8.0.0"
            },
            "optionalDependencies": {
                "@rollup/rollup-android-arm-eabi": "4.48.0",
                "@rollup/rollup-android-arm64": "4.48.0",
                "@rollup/rollup-darwin-arm64": "4.48.0",
                "@rollup/rollup-darwin-x64": "4.48.0",
                "@rollup/rollup-freebsd-arm64": "4.48.0",
                "@rollup/rollup-freebsd-x64": "4.48.0",
                "@rollup/rollup-linux-arm-gnueabihf": "4.48.0",
                "@rollup/rollup-linux-arm-musleabihf": "4.48.0",
                "@rollup/rollup-linux-arm64-gnu": "4.48.0",
                "@rollup/rollup-linux-arm64-musl": "4.48.0",
                "@rollup/rollup-linux-loongarch64-gnu": "4.48.0",
                "@rollup/rollup-linux-ppc64-gnu": "4.48.0",
                "@rollup/rollup-linux-riscv64-gnu": "4.48.0",
                "@rollup/rollup-linux-riscv64-musl": "4.48.0",
                "@rollup/rollup-linux-s390x-gnu": "4.48.0",
                "@rollup/rollup-linux-x64-gnu": "4.48.0",
                "@rollup/rollup-linux-x64-musl": "4.48.0",
                "@rollup/rollup-win32-arm64-msvc": "4.48.0",
                "@rollup/rollup-win32-ia32-msvc": "4.48.0",
                "@rollup/rollup-win32-x64-msvc": "4.48.0",
                "fsevents": "~2.3.2"
            }
        },
        "node_modules/source-map-js": {
            "version": "1.2.1",
            "resolved": "https://registry.npmjs.org/source-map-js/-/source-map-js-1.2.1.tgz",
            "integrity": "sha512-UXWMKhLOwVKb728IUtQPXxfYU+usdybtUrK/8uGE8CQMvrhOpwvzDBwj0QhSL7MQc7vIsISBG8VQ8+IDQxpfQA==",
            "license": "BSD-3-Clause",
            "peer": true,
            "engines": {
                "node": ">=0.10.0"
            }
        },
        "node_modules/supports-preserve-symlinks-flag": {
            "version": "1.0.0",
            "resolved": "https://registry.npmjs.org/supports-preserve-symlinks-flag/-/supports-preserve-symlinks-flag-1.0.0.tgz",
            "integrity": "sha512-ot0WnXS9fgdkgIcePe6RHNk1WA8+muPa6cSjeR3V8K27q9BB1rTE3R1p7Hv0z1ZyAc8s6Vvv8DIyWf681MAt0w==",
            "dev": true,
            "license": "MIT",
            "engines": {
                "node": ">= 0.4"
            },
            "funding": {
                "url": "https://github.com/sponsors/ljharb"
            }
        },
        "node_modules/tslib": {
            "version": "2.8.1",
            "resolved": "https://registry.npmjs.org/tslib/-/tslib-2.8.1.tgz",
            "integrity": "sha512-oJFu94HQb+KVduSUQL7wnpmqnfmLsOA/nAh6b6EH0wCEoK0/mPeXU6c3wKDV83MkOuHPRHtSXKKU99IBazS/2w==",
            "dev": true,
            "license": "0BSD"
        },
        "node_modules/typescript": {
            "version": "5.9.2",
            "resolved": "https://registry.npmjs.org/typescript/-/typescript-5.9.2.tgz",
            "integrity": "sha512-CWBzXQrc/qOkhidw1OzBTQuYRbfyxDXJMVJ1XNwUHGROVmuaeiEm3OslpZ1RV96d7SKKjZKrSJu3+t/xlw3R9A==",
            "license": "Apache-2.0",
            "peer": true,
            "bin": {
                "tsc": "bin/tsc",
                "tsserver": "bin/tsserver"
            },
            "engines": {
                "node": ">=14.17"
            }
        }
    }
}
